// !$*UTF8*$!
{
	archiveVersion = 1;
	classes = {
	};
	objectVersion = 50;
	objects = {

/* Begin PBXBuildFile section */
		58B7549C2371DD4F001CAFC3 /* AppDelegate.swift in Sources */ = {isa = PBXBuildFile; fileRef = 58B7549B2371DD4F001CAFC3 /* AppDelegate.swift */; };
		58B7549E2371DD4F001CAFC3 /* SceneDelegate.swift in Sources */ = {isa = PBXBuildFile; fileRef = 58B7549D2371DD4F001CAFC3 /* SceneDelegate.swift */; };
		58B754A02371DD4F001CAFC3 /* MasterViewController.swift in Sources */ = {isa = PBXBuildFile; fileRef = 58B7549F2371DD4F001CAFC3 /* MasterViewController.swift */; };
		58B754A22371DD50001CAFC3 /* DetailViewController.swift in Sources */ = {isa = PBXBuildFile; fileRef = 58B754A12371DD50001CAFC3 /* DetailViewController.swift */; };
		58B754A52371DD50001CAFC3 /* Main.storyboard in Resources */ = {isa = PBXBuildFile; fileRef = 58B754A32371DD50001CAFC3 /* Main.storyboard */; };
		58B754A72371DD53001CAFC3 /* Assets.xcassets in Resources */ = {isa = PBXBuildFile; fileRef = 58B754A62371DD53001CAFC3 /* Assets.xcassets */; };
		58B754AA2371DD53001CAFC3 /* LaunchScreen.storyboard in Resources */ = {isa = PBXBuildFile; fileRef = 58B754A82371DD53001CAFC3 /* LaunchScreen.storyboard */; };
		58B754B52371DD53001CAFC3 /* Master_Detail_ProjectTests.swift in Sources */ = {isa = PBXBuildFile; fileRef = 58B754B42371DD53001CAFC3 /* Master_Detail_ProjectTests.swift */; };
/* End PBXBuildFile section */

/* Begin PBXContainerItemProxy section */
		58B754B12371DD53001CAFC3 /* PBXContainerItemProxy */ = {
			isa = PBXContainerItemProxy;
			containerPortal = 58B754902371DD4F001CAFC3 /* Project object */;
			proxyType = 1;
			remoteGlobalIDString = 58B754972371DD4F001CAFC3;
			remoteInfo = "Master Detail Project";
		};
/* End PBXContainerItemProxy section */

/* Begin PBXFileReference section */
		58B754982371DD4F001CAFC3 /* Master Detail Project.app */ = {isa = PBXFileReference; explicitFileType = wrapper.application; includeInIndex = 0; path = "Master Detail Project.app"; sourceTree = BUILT_PRODUCTS_DIR; };
		58B7549B2371DD4F001CAFC3 /* AppDelegate.swift */ = {isa = PBXFileReference; lastKnownFileType = sourcecode.swift; path = AppDelegate.swift; sourceTree = "<group>"; };
		58B7549D2371DD4F001CAFC3 /* SceneDelegate.swift */ = {isa = PBXFileReference; lastKnownFileType = sourcecode.swift; path = SceneDelegate.swift; sourceTree = "<group>"; };
		58B7549F2371DD4F001CAFC3 /* MasterViewController.swift */ = {isa = PBXFileReference; lastKnownFileType = sourcecode.swift; path = MasterViewController.swift; sourceTree = "<group>"; };
		58B754A12371DD50001CAFC3 /* DetailViewController.swift */ = {isa = PBXFileReference; lastKnownFileType = sourcecode.swift; path = DetailViewController.swift; sourceTree = "<group>"; };
		58B754A42371DD50001CAFC3 /* Base */ = {isa = PBXFileReference; lastKnownFileType = file.storyboard; name = Base; path = Base.lproj/Main.storyboard; sourceTree = "<group>"; };
		58B754A62371DD53001CAFC3 /* Assets.xcassets */ = {isa = PBXFileReference; lastKnownFileType = folder.assetcatalog; path = Assets.xcassets; sourceTree = "<group>"; };
		58B754A92371DD53001CAFC3 /* Base */ = {isa = PBXFileReference; lastKnownFileType = file.storyboard; name = Base; path = Base.lproj/LaunchScreen.storyboard; sourceTree = "<group>"; };
		58B754AB2371DD53001CAFC3 /* Info.plist */ = {isa = PBXFileReference; lastKnownFileType = text.plist.xml; path = Info.plist; sourceTree = "<group>"; };
		58B754B02371DD53001CAFC3 /* Master Detail ProjectTests.xctest */ = {isa = PBXFileReference; explicitFileType = wrapper.cfbundle; includeInIndex = 0; path = "Master Detail ProjectTests.xctest"; sourceTree = BUILT_PRODUCTS_DIR; };
		58B754B42371DD53001CAFC3 /* Master_Detail_ProjectTests.swift */ = {isa = PBXFileReference; lastKnownFileType = sourcecode.swift; path = Master_Detail_ProjectTests.swift; sourceTree = "<group>"; };
		58B754B62371DD53001CAFC3 /* Info.plist */ = {isa = PBXFileReference; lastKnownFileType = text.plist.xml; path = Info.plist; sourceTree = "<group>"; };
/* End PBXFileReference section */

/* Begin PBXFrameworksBuildPhase section */
		58B754952371DD4F001CAFC3 /* Frameworks */ = {
			isa = PBXFrameworksBuildPhase;
			buildActionMask = 2147483647;
			files = (
			);
			runOnlyForDeploymentPostprocessing = 0;
		};
		58B754AD2371DD53001CAFC3 /* Frameworks */ = {
			isa = PBXFrameworksBuildPhase;
			buildActionMask = 2147483647;
			files = (
			);
			runOnlyForDeploymentPostprocessing = 0;
		};
/* End PBXFrameworksBuildPhase section */

/* Begin PBXGroup section */
		58B7548F2371DD4F001CAFC3 = {
			isa = PBXGroup;
			children = (
				58B7549A2371DD4F001CAFC3 /* Master Detail Project */,
				58B754B32371DD53001CAFC3 /* Master Detail ProjectTests */,
				58B754992371DD4F001CAFC3 /* Products */,
			);
			sourceTree = "<group>";
		};
		58B754992371DD4F001CAFC3 /* Products */ = {
			isa = PBXGroup;
			children = (
				58B754982371DD4F001CAFC3 /* Master Detail Project.app */,
				58B754B02371DD53001CAFC3 /* Master Detail ProjectTests.xctest */,
			);
			name = Products;
			sourceTree = "<group>";
		};
		58B7549A2371DD4F001CAFC3 /* Master Detail Project */ = {
			isa = PBXGroup;
			children = (
				58B7549B2371DD4F001CAFC3 /* AppDelegate.swift */,
				58B7549D2371DD4F001CAFC3 /* SceneDelegate.swift */,
				58B7549F2371DD4F001CAFC3 /* MasterViewController.swift */,
				58B754A12371DD50001CAFC3 /* DetailViewController.swift */,
				58B754A32371DD50001CAFC3 /* Main.storyboard */,
				58B754A62371DD53001CAFC3 /* Assets.xcassets */,
				58B754A82371DD53001CAFC3 /* LaunchScreen.storyboard */,
				58B754AB2371DD53001CAFC3 /* Info.plist */,
			);
			path = "Master Detail Project";
			sourceTree = "<group>";
		};
		58B754B32371DD53001CAFC3 /* Master Detail ProjectTests */ = {
			isa = PBXGroup;
			children = (
				58B754B42371DD53001CAFC3 /* Master_Detail_ProjectTests.swift */,
				58B754B62371DD53001CAFC3 /* Info.plist */,
			);
			path = "Master Detail ProjectTests";
			sourceTree = "<group>";
		};
/* End PBXGroup section */

/* Begin PBXNativeTarget section */
		58B754972371DD4F001CAFC3 /* Master Detail Project */ = {
			isa = PBXNativeTarget;
			buildConfigurationList = 58B754B92371DD53001CAFC3 /* Build configuration list for PBXNativeTarget "Master Detail Project" */;
			buildPhases = (
				58B754942371DD4F001CAFC3 /* Sources */,
				58B754952371DD4F001CAFC3 /* Frameworks */,
				58B754962371DD4F001CAFC3 /* Resources */,
			);
			buildRules = (
			);
			dependencies = (
			);
			name = "Master Detail Project";
			productName = "Master Detail Project";
			productReference = 58B754982371DD4F001CAFC3 /* Master Detail Project.app */;
			productType = "com.apple.product-type.application";
		};
		58B754AF2371DD53001CAFC3 /* Master Detail ProjectTests */ = {
			isa = PBXNativeTarget;
			buildConfigurationList = 58B754BC2371DD53001CAFC3 /* Build configuration list for PBXNativeTarget "Master Detail ProjectTests" */;
			buildPhases = (
				58B754AC2371DD53001CAFC3 /* Sources */,
				58B754AD2371DD53001CAFC3 /* Frameworks */,
				58B754AE2371DD53001CAFC3 /* Resources */,
			);
			buildRules = (
			);
			dependencies = (
				58B754B22371DD53001CAFC3 /* PBXTargetDependency */,
			);
			name = "Master Detail ProjectTests";
			productName = "Master Detail ProjectTests";
			productReference = 58B754B02371DD53001CAFC3 /* Master Detail ProjectTests.xctest */;
			productType = "com.apple.product-type.bundle.unit-test";
		};
/* End PBXNativeTarget section */

/* Begin PBXProject section */
		58B754902371DD4F001CAFC3 /* Project object */ = {
			isa = PBXProject;
			attributes = {
				LastSwiftUpdateCheck = 1110;
				LastUpgradeCheck = 1110;
				ORGANIZATIONNAME = israel3D;
				TargetAttributes = {
					58B754972371DD4F001CAFC3 = {
						CreatedOnToolsVersion = 11.1;
					};
					58B754AF2371DD53001CAFC3 = {
						CreatedOnToolsVersion = 11.1;
						TestTargetID = 58B754972371DD4F001CAFC3;
					};
				};
			};
			buildConfigurationList = 58B754932371DD4F001CAFC3 /* Build configuration list for PBXProject "Master Detail Project" */;
			compatibilityVersion = "Xcode 9.3";
			developmentRegion = en;
			hasScannedForEncodings = 0;
			knownRegions = (
				en,
				Base,
			);
			mainGroup = 58B7548F2371DD4F001CAFC3;
			productRefGroup = 58B754992371DD4F001CAFC3 /* Products */;
			projectDirPath = "";
			projectRoot = "";
			targets = (
				58B754972371DD4F001CAFC3 /* Master Detail Project */,
				58B754AF2371DD53001CAFC3 /* Master Detail ProjectTests */,
			);
		};
/* End PBXProject section */

/* Begin PBXResourcesBuildPhase section */
		58B754962371DD4F001CAFC3 /* Resources */ = {
			isa = PBXResourcesBuildPhase;
			buildActionMask = 2147483647;
			files = (
				58B754AA2371DD53001CAFC3 /* LaunchScreen.storyboard in Resources */,
				58B754A72371DD53001CAFC3 /* Assets.xcassets in Resources */,
				58B754A52371DD50001CAFC3 /* Main.storyboard in Resources */,
			);
			runOnlyForDeploymentPostprocessing = 0;
		};
		58B754AE2371DD53001CAFC3 /* Resources */ = {
			isa = PBXResourcesBuildPhase;
			buildActionMask = 2147483647;
			files = (
			);
			runOnlyForDeploymentPostprocessing = 0;
		};
/* End PBXResourcesBuildPhase section */

/* Begin PBXSourcesBuildPhase section */
		58B754942371DD4F001CAFC3 /* Sources */ = {
			isa = PBXSourcesBuildPhase;
			buildActionMask = 2147483647;
			files = (
				58B7549C2371DD4F001CAFC3 /* AppDelegate.swift in Sources */,
				58B7549E2371DD4F001CAFC3 /* SceneDelegate.swift in Sources */,
				58B754A02371DD4F001CAFC3 /* MasterViewController.swift in Sources */,
				58B754A22371DD50001CAFC3 /* DetailViewController.swift in Sources */,
			);
			runOnlyForDeploymentPostprocessing = 0;
		};
		58B754AC2371DD53001CAFC3 /* Sources */ = {
			isa = PBXSourcesBuildPhase;
			buildActionMask = 2147483647;
			files = (
				58B754B52371DD53001CAFC3 /* Master_Detail_ProjectTests.swift in Sources */,
			);
			runOnlyForDeploymentPostprocessing = 0;
		};
/* End PBXSourcesBuildPhase section */

/* Begin PBXTargetDependency section */
		58B754B22371DD53001CAFC3 /* PBXTargetDependency */ = {
			isa = PBXTargetDependency;
			target = 58B754972371DD4F001CAFC3 /* Master Detail Project */;
			targetProxy = 58B754B12371DD53001CAFC3 /* PBXContainerItemProxy */;
		};
/* End PBXTargetDependency section */

/* Begin PBXVariantGroup section */
		58B754A32371DD50001CAFC3 /* Main.storyboard */ = {
			isa = PBXVariantGroup;
			children = (
				58B754A42371DD50001CAFC3 /* Base */,
			);
			name = Main.storyboard;
			sourceTree = "<group>";
		};
		58B754A82371DD53001CAFC3 /* LaunchScreen.storyboard */ = {
			isa = PBXVariantGroup;
			children = (
				58B754A92371DD53001CAFC3 /* Base */,
			);
			name = LaunchScreen.storyboard;
			sourceTree = "<group>";
		};
/* End PBXVariantGroup section */

/* Begin XCBuildConfiguration section */
		58B754B72371DD53001CAFC3 /* Debug */ = {
			isa = XCBuildConfiguration;
			buildSettings = {
				ALWAYS_SEARCH_USER_PATHS = NO;
				CLANG_ANALYZER_NONNULL = YES;
				CLANG_ANALYZER_NUMBER_OBJECT_CONVERSION = YES_AGGRESSIVE;
				CLANG_CXX_LANGUAGE_STANDARD = "gnu++14";
				CLANG_CXX_LIBRARY = "libc++";
				CLANG_ENABLE_MODULES = YES;
				CLANG_ENABLE_OBJC_ARC = YES;
				CLANG_ENABLE_OBJC_WEAK = YES;
				CLANG_WARN_BLOCK_CAPTURE_AUTORELEASING = YES;
				CLANG_WARN_BOOL_CONVERSION = YES;
				CLANG_WARN_COMMA = YES;
				CLANG_WARN_CONSTANT_CONVERSION = YES;
				CLANG_WARN_DEPRECATED_OBJC_IMPLEMENTATIONS = YES;
				CLANG_WARN_DIRECT_OBJC_ISA_USAGE = YES_ERROR;
				CLANG_WARN_DOCUMENTATION_COMMENTS = YES;
				CLANG_WARN_EMPTY_BODY = YES;
				CLANG_WARN_ENUM_CONVERSION = YES;
				CLANG_WARN_INFINITE_RECURSION = YES;
				CLANG_WARN_INT_CONVERSION = YES;
				CLANG_WARN_NON_LITERAL_NULL_CONVERSION = YES;
				CLANG_WARN_OBJC_IMPLICIT_RETAIN_SELF = YES;
				CLANG_WARN_OBJC_LITERAL_CONVERSION = YES;
				CLANG_WARN_OBJC_ROOT_CLASS = YES_ERROR;
				CLANG_WARN_RANGE_LOOP_ANALYSIS = YES;
				CLANG_WARN_STRICT_PROTOTYPES = YES;
				CLANG_WARN_SUSPICIOUS_MOVE = YES;
				CLANG_WARN_UNGUARDED_AVAILABILITY = YES_AGGRESSIVE;
				CLANG_WARN_UNREACHABLE_CODE = YES;
				CLANG_WARN__DUPLICATE_METHOD_MATCH = YES;
				COPY_PHASE_STRIP = NO;
				DEBUG_INFORMATION_FORMAT = dwarf;
				ENABLE_STRICT_OBJC_MSGSEND = YES;
				ENABLE_TESTABILITY = YES;
				GCC_C_LANGUAGE_STANDARD = gnu11;
				GCC_DYNAMIC_NO_PIC = NO;
				GCC_NO_COMMON_BLOCKS = YES;
				GCC_OPTIMIZATION_LEVEL = 0;
				GCC_PREPROCESSOR_DEFINITIONS = (
					"DEBUG=1",
					"$(inherited)",
				);
				GCC_WARN_64_TO_32_BIT_CONVERSION = YES;
				GCC_WARN_ABOUT_RETURN_TYPE = YES_ERROR;
				GCC_WARN_UNDECLARED_SELECTOR = YES;
				GCC_WARN_UNINITIALIZED_AUTOS = YES_AGGRESSIVE;
				GCC_WARN_UNUSED_FUNCTION = YES;
				GCC_WARN_UNUSED_VARIABLE = YES;
				IPHONEOS_DEPLOYMENT_TARGET = 13.1;
				MTL_ENABLE_DEBUG_INFO = INCLUDE_SOURCE;
				MTL_FAST_MATH = YES;
				ONLY_ACTIVE_ARCH = YES;
				SDKROOT = iphoneos;
				SWIFT_ACTIVE_COMPILATION_CONDITIONS = DEBUG;
				SWIFT_OPTIMIZATION_LEVEL = "-Onone";
			};
			name = Debug;
		};
		58B754B82371DD53001CAFC3 /* Release */ = {
			isa = XCBuildConfiguration;
			buildSettings = {
				ALWAYS_SEARCH_USER_PATHS = NO;
				CLANG_ANALYZER_NONNULL = YES;
				CLANG_ANALYZER_NUMBER_OBJECT_CONVERSION = YES_AGGRESSIVE;
				CLANG_CXX_LANGUAGE_STANDARD = "gnu++14";
				CLANG_CXX_LIBRARY = "libc++";
				CLANG_ENABLE_MODULES = YES;
				CLANG_ENABLE_OBJC_ARC = YES;
				CLANG_ENABLE_OBJC_WEAK = YES;
				CLANG_WARN_BLOCK_CAPTURE_AUTORELEASING = YES;
				CLANG_WARN_BOOL_CONVERSION = YES;
				CLANG_WARN_COMMA = YES;
				CLANG_WARN_CONSTANT_CONVERSION = YES;
				CLANG_WARN_DEPRECATED_OBJC_IMPLEMENTATIONS = YES;
				CLANG_WARN_DIRECT_OBJC_ISA_USAGE = YES_ERROR;
				CLANG_WARN_DOCUMENTATION_COMMENTS = YES;
				CLANG_WARN_EMPTY_BODY = YES;
				CLANG_WARN_ENUM_CONVERSION = YES;
				CLANG_WARN_INFINITE_RECURSION = YES;
				CLANG_WARN_INT_CONVERSION = YES;
				CLANG_WARN_NON_LITERAL_NULL_CONVERSION = YES;
				CLANG_WARN_OBJC_IMPLICIT_RETAIN_SELF = YES;
				CLANG_WARN_OBJC_LITERAL_CONVERSION = YES;
				CLANG_WARN_OBJC_ROOT_CLASS = YES_ERROR;
				CLANG_WARN_RANGE_LOOP_ANALYSIS = YES;
				CLANG_WARN_STRICT_PROTOTYPES = YES;
				CLANG_WARN_SUSPICIOUS_MOVE = YES;
				CLANG_WARN_UNGUARDED_AVAILABILITY = YES_AGGRESSIVE;
				CLANG_WARN_UNREACHABLE_CODE = YES;
				CLANG_WARN__DUPLICATE_METHOD_MATCH = YES;
				COPY_PHASE_STRIP = NO;
				DEBUG_INFORMATION_FORMAT = "dwarf-with-dsym";
				ENABLE_NS_ASSERTIONS = NO;
				ENABLE_STRICT_OBJC_MSGSEND = YES;
				GCC_C_LANGUAGE_STANDARD = gnu11;
				GCC_NO_COMMON_BLOCKS = YES;
				GCC_WARN_64_TO_32_BIT_CONVERSION = YES;
				GCC_WARN_ABOUT_RETURN_TYPE = YES_ERROR;
				GCC_WARN_UNDECLARED_SELECTOR = YES;
				GCC_WARN_UNINITIALIZED_AUTOS = YES_AGGRESSIVE;
				GCC_WARN_UNUSED_FUNCTION = YES;
				GCC_WARN_UNUSED_VARIABLE = YES;
				IPHONEOS_DEPLOYMENT_TARGET = 13.1;
				MTL_ENABLE_DEBUG_INFO = NO;
				MTL_FAST_MATH = YES;
				SDKROOT = iphoneos;
				SWIFT_COMPILATION_MODE = wholemodule;
				SWIFT_OPTIMIZATION_LEVEL = "-O";
				VALIDATE_PRODUCT = YES;
			};
			name = Release;
		};
		58B754BA2371DD53001CAFC3 /* Debug */ = {
			isa = XCBuildConfiguration;
			buildSettings = {
				ASSETCATALOG_COMPILER_APPICON_NAME = AppIcon;
				CODE_SIGN_STYLE = Automatic;
				DEVELOPMENT_TEAM = FPH78JW9WA;
				INFOPLIST_FILE = "Master Detail Project/Info.plist";
				LD_RUNPATH_SEARCH_PATHS = (
					"$(inherited)",
					"@executable_path/Frameworks",
				);
				PRODUCT_BUNDLE_IDENTIFIER = "com.israel3D.Master-Detail-Project";
				PRODUCT_NAME = "$(TARGET_NAME)";
				SWIFT_VERSION = 5.0;
				TARGETED_DEVICE_FAMILY = 1;
			};
			name = Debug;
		};
		58B754BB2371DD53001CAFC3 /* Release */ = {
			isa = XCBuildConfiguration;
			buildSettings = {
				ASSETCATALOG_COMPILER_APPICON_NAME = AppIcon;
				CODE_SIGN_STYLE = Automatic;
				DEVELOPMENT_TEAM = FPH78JW9WA;
				INFOPLIST_FILE = "Master Detail Project/Info.plist";
				LD_RUNPATH_SEARCH_PATHS = (
					"$(inherited)",
					"@executable_path/Frameworks",
				);
				PRODUCT_BUNDLE_IDENTIFIER = "com.israel3D.Master-Detail-Project";
				PRODUCT_NAME = "$(TARGET_NAME)";
				SWIFT_VERSION = 5.0;
				TARGETED_DEVICE_FAMILY = 1;
			};
			name = Release;
		};
		58B754BD2371DD53001CAFC3 /* Debug */ = {
			isa = XCBuildConfiguration;
			buildSettings = {
				ALWAYS_EMBED_SWIFT_STANDARD_LIBRARIES = YES;
				BUNDLE_LOADER = "$(TEST_HOST)";
				CODE_SIGN_STYLE = Automatic;
				DEVELOPMENT_TEAM = FPH78JW9WA;
				INFOPLIST_FILE = "Master Detail ProjectTests/Info.plist";
				IPHONEOS_DEPLOYMENT_TARGET = 13.1;
				LD_RUNPATH_SEARCH_PATHS = (
					"$(inherited)",
					"@executable_path/Frameworks",
					"@loader_path/Frameworks",
				);
				PRODUCT_BUNDLE_IDENTIFIER = "com.israel3D.Master-Detail-ProjectTests";
				PRODUCT_NAME = "$(TARGET_NAME)";
				SWIFT_VERSION = 5.0;
				TARGETED_DEVICE_FAMILY = "1,2";
				TEST_HOST = "$(BUILT_PRODUCTS_DIR)/Master Detail Project.app/Master Detail Project";
			};
			name = Debug;
		};
		58B754BE2371DD53001CAFC3 /* Release */ = {
			isa = XCBuildConfiguration;
			buildSettings = {
				ALWAYS_EMBED_SWIFT_STANDARD_LIBRARIES = YES;
				BUNDLE_LOADER = "$(TEST_HOST)";
				CODE_SIGN_STYLE = Automatic;
				DEVELOPMENT_TEAM = FPH78JW9WA;
				INFOPLIST_FILE = "Master Detail ProjectTests/Info.plist";
				IPHONEOS_DEPLOYMENT_TARGET = 13.1;
				LD_RUNPATH_SEARCH_PATHS = (
					"$(inherited)",
					"@executable_path/Frameworks",
					"@loader_path/Frameworks",
				);
				PRODUCT_BUNDLE_IDENTIFIER = "com.israel3D.Master-Detail-ProjectTests";
				PRODUCT_NAME = "$(TARGET_NAME)";
				SWIFT_VERSION = 5.0;
				TARGETED_DEVICE_FAMILY = "1,2";
				TEST_HOST = "$(BUILT_PRODUCTS_DIR)/Master Detail Project.app/Master Detail Project";
			};
			name = Release;
		};
/* End XCBuildConfiguration section */

/* Begin XCConfigurationList section */
		58B754932371DD4F001CAFC3 /* Build configuration list for PBXProject "Master Detail Project" */ = {
			isa = XCConfigurationList;
			buildConfigurations = (
				58B754B72371DD53001CAFC3 /* Debug */,
				58B754B82371DD53001CAFC3 /* Release */,
			);
			defaultConfigurationIsVisible = 0;
			defaultConfigurationName = Release;
		};
		58B754B92371DD53001CAFC3 /* Build configuration list for PBXNativeTarget "Master Detail Project" */ = {
			isa = XCConfigurationList;
			buildConfigurations = (
				58B754BA2371DD53001CAFC3 /* Debug */,
				58B754BB2371DD53001CAFC3 /* Release */,
			);
			defaultConfigurationIsVisible = 0;
			defaultConfigurationName = Release;
		};
		58B754BC2371DD53001CAFC3 /* Build configuration list for PBXNativeTarget "Master Detail ProjectTests" */ = {
			isa = XCConfigurationList;
			buildConfigurations = (
				58B754BD2371DD53001CAFC3 /* Debug */,
				58B754BE2371DD53001CAFC3 /* Release */,
			);
			defaultConfigurationIsVisible = 0;
			defaultConfigurationName = Release;
		};
/* End XCConfigurationList section */
	};
	rootObject = 58B754902371DD4F001CAFC3 /* Project object */;
}
